
Microsoft Visual Studio Solution File, Format Version 12.00
# Visual Studio Version 17
VisualStudioVersion = 17.0.32126.317
MinimumVisualStudioVersion = 10.0.40219.1
Project("{9A19103F-16F7-4668-BE54-9A1E7A4F7556}") = "Dashboard.Api", "Dashboard.Api\Dashboard.Api.csproj", "{22E92A5A-6A8D-4B0F-9F55-35F17DE2A598}"
EndProject
Project("{9A19103F-16F7-4668-BE54-9A1E7A4F7556}") = "Dashboard.Core", "Dashboard.Core\Dashboard.Core.csproj", "{7D7A968A-A018-49DE-9D4F-D7609263998A}"
EndProject
Project("{9A19103F-16F7-4668-BE54-9A1E7A4F7556}") = "Dashboard.Helper", "Dashboard.Helper\Dashboard.Helper.csproj", "{617BAC2A-EB6C-40D6-A129-E1B5AA35BABA}"
EndProject
Project("{9A19103F-16F7-4668-BE54-9A1E7A4F7556}") = "Dashboard.Infrastructure", "Dashboard.Infrastructure\Dashboard.Infrastructure.csproj", "{EB2865D4-9554-4E89-AB21-5E3A76A5D819}"
EndProject
Project("{9A19103F-16F7-4668-BE54-9A1E7A4F7556}") = "Dashboard.SharedKernel", "Dashboard.SharedKernel\Dashboard.SharedKernel.csproj", "{6AA25B3D-92EE-4AA0-AE6D-2219521967E4}"
EndProject
Global
	GlobalSection(SolutionConfigurationPlatforms) = preSolution
		Debug|Any CPU = Debug|Any CPU
		Release|Any CPU = Release|Any CPU
	EndGlobalSection
	GlobalSection(ProjectConfigurationPlatforms) = postSolution
		{22E92A5A-6A8D-4B0F-9F55-35F17DE2A598}.Debug|Any CPU.ActiveCfg = Debug|Any CPU
		{22E92A5A-6A8D-4B0F-9F55-35F17DE2A598}.Debug|Any CPU.Build.0 = Debug|Any CPU
		{22E92A5A-6A8D-4B0F-9F55-35F17DE2A598}.Release|Any CPU.ActiveCfg = Release|Any CPU
		{22E92A5A-6A8D-4B0F-9F55-35F17DE2A598}.Release|Any CPU.Build.0 = Release|Any CPU
		{7D7A968A-A018-49DE-9D4F-D7609263998A}.Debug|Any CPU.ActiveCfg = Debug|Any CPU
		{7D7A968A-A018-49DE-9D4F-D7609263998A}.Debug|Any CPU.Build.0 = Debug|Any CPU
		{7D7A968A-A018-49DE-9D4F-D7609263998A}.Release|Any CPU.ActiveCfg = Release|Any CPU
		{7D7A968A-A018-49DE-9D4F-D7609263998A}.Release|Any CPU.Build.0 = Release|Any CPU
		{617BAC2A-EB6C-40D6-A129-E1B5AA35BABA}.Debug|Any CPU.ActiveCfg = Debug|Any CPU
		{617BAC2A-EB6C-40D6-A129-E1B5AA35BABA}.Debug|Any CPU.Build.0 = Debug|Any CPU
		{617BAC2A-EB6C-40D6-A129-E1B5AA35BABA}.Release|Any CPU.ActiveCfg = Release|Any CPU
		{617BAC2A-EB6C-40D6-A129-E1B5AA35BABA}.Release|Any CPU.Build.0 = Release|Any CPU
		{EB2865D4-9554-4E89-AB21-5E3A76A5D819}.Debug|Any CPU.ActiveCfg = Debug|Any CPU
		{EB2865D4-9554-4E89-AB21-5E3A76A5D819}.Debug|Any CPU.Build.0 = Debug|Any CPU
		{EB2865D4-9554-4E89-AB21-5E3A76A5D819}.Release|Any CPU.ActiveCfg = Release|Any CPU
		{EB2865D4-9554-4E89-AB21-5E3A76A5D819}.Release|Any CPU.Build.0 = Release|Any CPU
		{6AA25B3D-92EE-4AA0-AE6D-2219521967E4}.Debug|Any CPU.ActiveCfg = Debug|Any CPU
		{6AA25B3D-92EE-4AA0-AE6D-2219521967E4}.Debug|Any CPU.Build.0 = Debug|Any CPU
		{6AA25B3D-92EE-4AA0-AE6D-2219521967E4}.Release|Any CPU.ActiveCfg = Release|Any CPU
		{6AA25B3D-92EE-4AA0-AE6D-2219521967E4}.Release|Any CPU.Build.0 = Release|Any CPU
	EndGlobalSection
	GlobalSection(SolutionProperties) = preSolution
		HideSolutionNode = FALSE
	EndGlobalSection
	GlobalSection(ExtensibilityGlobals) = postSolution
		SolutionGuid = {DA18F3C5-642B-485A-8D03-D417510DB490}
	EndGlobalSection
EndGlobal
