
Microsoft Visual Studio Solution File, Format Version 12.00
# Visual Studio Version 17
VisualStudioVersion = 17.0.32126.317
MinimumVisualStudioVersion = 10.0.40219.1
Project("{9A19103F-16F7-4668-BE54-9A1E7A4F7556}") = "Dashboard.Api", "Dashboard.Api\Dashboard.Api.csproj", "{0DEF8475-2F43-4396-B8FA-BD1FB3118014}"
EndProject
Project("{9A19103F-16F7-4668-BE54-9A1E7A4F7556}") = "Dashboard.Core", "Dashboard.Core\Dashboard.Core.csproj", "{B4CADF8D-91DB-41B1-B13E-97123518D58C}"
EndProject
Project("{9A19103F-16F7-4668-BE54-9A1E7A4F7556}") = "Dashboard.Infrastructure", "Dashboard.Infrastructure\Dashboard.Infrastructure.csproj", "{57D59A60-0577-4EA1-924F-5420F6CA5450}"
EndProject
Project("{9A19103F-16F7-4668-BE54-9A1E7A4F7556}") = "Dashboard.SharedKernel", "Dashboard.SharedKernel\Dashboard.SharedKernel.csproj", "{1A246A7A-DAD9-4E95-83D9-C6B1A2BC00C8}"
EndProject
Project("{FAE04EC0-301F-11D3-BF4B-00C04F79EFBC}") = "Dashboard.Helper", "Dashboard.Helper\Dashboard.Helper.csproj", "{35D63691-C310-481C-8FA6-ABEEE3C9330A}"
EndProject
Global
	GlobalSection(SolutionConfigurationPlatforms) = preSolution
		Debug|Any CPU = Debug|Any CPU
		Release|Any CPU = Release|Any CPU
	EndGlobalSection
	GlobalSection(ProjectConfigurationPlatforms) = postSolution
		{0DEF8475-2F43-4396-B8FA-BD1FB3118014}.Debug|Any CPU.ActiveCfg = Debug|Any CPU
		{0DEF8475-2F43-4396-B8FA-BD1FB3118014}.Debug|Any CPU.Build.0 = Debug|Any CPU
		{0DEF8475-2F43-4396-B8FA-BD1FB3118014}.Release|Any CPU.ActiveCfg = Release|Any CPU
		{0DEF8475-2F43-4396-B8FA-BD1FB3118014}.Release|Any CPU.Build.0 = Release|Any CPU
		{B4CADF8D-91DB-41B1-B13E-97123518D58C}.Debug|Any CPU.ActiveCfg = Debug|Any CPU
		{B4CADF8D-91DB-41B1-B13E-97123518D58C}.Debug|Any CPU.Build.0 = Debug|Any CPU
		{B4CADF8D-91DB-41B1-B13E-97123518D58C}.Release|Any CPU.ActiveCfg = Release|Any CPU
		{B4CADF8D-91DB-41B1-B13E-97123518D58C}.Release|Any CPU.Build.0 = Release|Any CPU
		{57D59A60-0577-4EA1-924F-5420F6CA5450}.Debug|Any CPU.ActiveCfg = Debug|Any CPU
		{57D59A60-0577-4EA1-924F-5420F6CA5450}.Debug|Any CPU.Build.0 = Debug|Any CPU
		{57D59A60-0577-4EA1-924F-5420F6CA5450}.Release|Any CPU.ActiveCfg = Release|Any CPU
		{57D59A60-0577-4EA1-924F-5420F6CA5450}.Release|Any CPU.Build.0 = Release|Any CPU
		{1A246A7A-DAD9-4E95-83D9-C6B1A2BC00C8}.Debug|Any CPU.ActiveCfg = Debug|Any CPU
		{1A246A7A-DAD9-4E95-83D9-C6B1A2BC00C8}.Debug|Any CPU.Build.0 = Debug|Any CPU
		{1A246A7A-DAD9-4E95-83D9-C6B1A2BC00C8}.Release|Any CPU.ActiveCfg = Release|Any CPU
		{1A246A7A-DAD9-4E95-83D9-C6B1A2BC00C8}.Release|Any CPU.Build.0 = Release|Any CPU
		{35D63691-C310-481C-8FA6-ABEEE3C9330A}.Debug|Any CPU.ActiveCfg = Debug|Any CPU
		{35D63691-C310-481C-8FA6-ABEEE3C9330A}.Debug|Any CPU.Build.0 = Debug|Any CPU
		{35D63691-C310-481C-8FA6-ABEEE3C9330A}.Release|Any CPU.ActiveCfg = Release|Any CPU
		{35D63691-C310-481C-8FA6-ABEEE3C9330A}.Release|Any CPU.Build.0 = Release|Any CPU
	EndGlobalSection
	GlobalSection(SolutionProperties) = preSolution
		HideSolutionNode = FALSE
	EndGlobalSection
	GlobalSection(NestedProjects) = preSolution
		{0DEF8475-2F43-4396-B8FA-BD1FB3118014} = {F1A0CF93-F0DE-4DE7-BAEE-26EBF84F78EE}
		{B4CADF8D-91DB-41B1-B13E-97123518D58C} = {F1A0CF93-F0DE-4DE7-BAEE-26EBF84F78EE}
		{57D59A60-0577-4EA1-924F-5420F6CA5450} = {F1A0CF93-F0DE-4DE7-BAEE-26EBF84F78EE}
		{1A246A7A-DAD9-4E95-83D9-C6B1A2BC00C8} = {F1A0CF93-F0DE-4DE7-BAEE-26EBF84F78EE}
		{35D63691-C310-481C-8FA6-ABEEE3C9330A} = {F1A0CF93-F0DE-4DE7-BAEE-26EBF84F78EE}
	EndGlobalSection
	GlobalSection(ExtensibilityGlobals) = postSolution
		SolutionGuid = {DA18F3C5-642B-485A-8D03-D417510DB490}
	EndGlobalSection
EndGlobal
